
Microsoft Visual Studio Solution File, Format Version 12.00
# Visual Studio 15
VisualStudioVersion = 15.0.27130.2010
MinimumVisualStudioVersion = 10.0.40219.1
Project("{FAE04EC0-301F-11D3-BF4B-00C04F79EFBC}") = "GoFish", "GoFish\GoFish.csproj", "{FDDEE5A4-4B4E-42F9-9BF4-7A681875A656}"
EndProject
Global
	GlobalSection(SolutionConfigurationPlatforms) = preSolution
		Debug|Any CPU = Debug|Any CPU
		Release|Any CPU = Release|Any CPU
	EndGlobalSection
	GlobalSection(ProjectConfigurationPlatforms) = postSolution
		{FDDEE5A4-4B4E-42F9-9BF4-7A681875A656}.Debug|Any CPU.ActiveCfg = Debug|Any CPU
		{FDDEE5A4-4B4E-42F9-9BF4-7A681875A656}.Debug|Any CPU.Build.0 = Debug|Any CPU
		{FDDEE5A4-4B4E-42F9-9BF4-7A681875A656}.Release|Any CPU.ActiveCfg = Release|Any CPU
		{FDDEE5A4-4B4E-42F9-9BF4-7A681875A656}.Release|Any CPU.Build.0 = Release|Any CPU
	EndGlobalSection
	GlobalSection(SolutionProperties) = preSolution
		HideSolutionNode = FALSE
	EndGlobalSection
	GlobalSection(ExtensibilityGlobals) = postSolution
		SolutionGuid = {F98A801D-CD80-407A-B06B-757BC4741024}
	EndGlobalSection
EndGlobal
